{
  "name": "ruehmkorf.com",
  "version": "1.0.0",
  "lockfileVersion": 2,
  "requires": true,
  "packages": {
    "": {
      "name": "ruehmkorf.com",
      "version": "1.0.0",
      "dependencies": {
        "@jinyacms/cosmo": "0.9.0"
      }
    },
    "node_modules/@jinyacms/cosmo": {
      "version": "0.9.0",
      "resolved": "https://registry.npmjs.org/@jinyacms/cosmo/-/cosmo-0.9.0.tgz",
      "integrity": "sha512-IaDM8AX3zGmicQvI9F/XDzcppus9yAZem/Olu9GYR07v8L85dMBA+o84Vo2rxSuEeMVTyHVwk7TnnBtRu0AcLQ=="
    }
  },
  "dependencies": {
    "@jinyacms/cosmo": {
      "version": "0.9.0",
      "resolved": "https://registry.npmjs.org/@jinyacms/cosmo/-/cosmo-0.9.0.tgz",
      "integrity": "sha512-IaDM8AX3zGmicQvI9F/XDzcppus9yAZem/Olu9GYR07v8L85dMBA+o84Vo2rxSuEeMVTyHVwk7TnnBtRu0AcLQ=="
    }
  }
}
