{
  "name": "ruehmkorf.com",
  "version": "1.0.0",
  "lockfileVersion": 2,
  "requires": true,
  "packages": {
    "": {
      "name": "ruehmkorf.com",
      "version": "1.0.0",
      "dependencies": {
        "@jinyacms/cosmo": "0.15.0",
        "@jinyacms/jinya-html": "1.0.0"
      }
    },
    "node_modules/@jinyacms/cosmo": {
      "version": "0.15.0",
      "resolved": "https://registry.npmjs.org/@jinyacms/cosmo/-/cosmo-0.15.0.tgz",
      "integrity": "sha512-oTIJMLORpweeE1RnpHiTw5yu2sg7Eko+iQa9WjkX7dz73Gmp0oT1SioQBCPA6liddUZLMqTT1ejoV6gl1/E7Qg=="
    },
    "node_modules/@jinyacms/jinya-html": {
      "version": "1.0.0",
      "resolved": "https://registry.npmjs.org/@jinyacms/jinya-html/-/jinya-html-1.0.0.tgz",
      "integrity": "sha512-Rr5GgQ01CEBlq5PDnPZXb6XN6vtiuIfJHeh2udAntMDozVUoh/a0jL2sHnOXuHFtq7Vmu4oBreyoGZTrmAdRTw=="
    }
  },
  "dependencies": {
    "@jinyacms/cosmo": {
      "version": "0.15.0",
      "resolved": "https://registry.npmjs.org/@jinyacms/cosmo/-/cosmo-0.15.0.tgz",
      "integrity": "sha512-oTIJMLORpweeE1RnpHiTw5yu2sg7Eko+iQa9WjkX7dz73Gmp0oT1SioQBCPA6liddUZLMqTT1ejoV6gl1/E7Qg=="
    },
    "@jinyacms/jinya-html": {
      "version": "1.0.0",
      "resolved": "https://registry.npmjs.org/@jinyacms/jinya-html/-/jinya-html-1.0.0.tgz",
      "integrity": "sha512-Rr5GgQ01CEBlq5PDnPZXb6XN6vtiuIfJHeh2udAntMDozVUoh/a0jL2sHnOXuHFtq7Vmu4oBreyoGZTrmAdRTw=="
    }
  }
}
